// !$*UTF8*$!
{
	archiveVersion = 1;
	classes = {
	};
	objectVersion = 50;
	objects = {

/* Begin PBXBuildFile section */
		EBBB3016207B62EA0006D6AA /* AppDelegate.m in Sources */ = {isa = PBXBuildFile; fileRef = EBBB3015207B62EA0006D6AA /* AppDelegate.m */; };
		EBBB3019207B62EA0006D6AA /* ViewController.m in Sources */ = {isa = PBXBuildFile; fileRef = EBBB3018207B62EA0006D6AA /* ViewController.m */; };
		EBBB301C207B62EA0006D6AA /* Main.storyboard in Resources */ = {isa = PBXBuildFile; fileRef = EBBB301A207B62EA0006D6AA /* Main.storyboard */; };
		EBBB301E207B62EB0006D6AA /* Assets.xcassets in Resources */ = {isa = PBXBuildFile; fileRef = EBBB301D207B62EB0006D6AA /* Assets.xcassets */; };
		EBBB3021207B62EB0006D6AA /* LaunchScreen.storyboard in Resources */ = {isa = PBXBuildFile; fileRef = EBBB301F207B62EB0006D6AA /* LaunchScreen.storyboard */; };
		EBBB3024207B62EB0006D6AA /* main.m in Sources */ = {isa = PBXBuildFile; fileRef = EBBB3023207B62EB0006D6AA /* main.m */; };
		EBBB302E207B62EB0006D6AA /* Block_DemoTests.m in Sources */ = {isa = PBXBuildFile; fileRef = EBBB302D207B62EB0006D6AA /* Block_DemoTests.m */; };
		EBBB3039207B62EB0006D6AA /* Block_DemoUITests.m in Sources */ = {isa = PBXBuildFile; fileRef = EBBB3038207B62EB0006D6AA /* Block_DemoUITests.m */; };
/* End PBXBuildFile section */

/* Begin PBXContainerItemProxy section */
		EBBB302A207B62EB0006D6AA /* PBXContainerItemProxy */ = {
			isa = PBXContainerItemProxy;
			containerPortal = EBBB3009207B62EA0006D6AA /* Project object */;
			proxyType = 1;
			remoteGlobalIDString = EBBB3010207B62EA0006D6AA;
			remoteInfo = Block_Demo;
		};
		EBBB3035207B62EB0006D6AA /* PBXContainerItemProxy */ = {
			isa = PBXContainerItemProxy;
			containerPortal = EBBB3009207B62EA0006D6AA /* Project object */;
			proxyType = 1;
			remoteGlobalIDString = EBBB3010207B62EA0006D6AA;
			remoteInfo = Block_Demo;
		};
/* End PBXContainerItemProxy section */

/* Begin PBXFileReference section */
		EBBB3011207B62EA0006D6AA /* Block_Demo.app */ = {isa = PBXFileReference; explicitFileType = wrapper.application; includeInIndex = 0; path = Block_Demo.app; sourceTree = BUILT_PRODUCTS_DIR; };
		EBBB3014207B62EA0006D6AA /* AppDelegate.h */ = {isa = PBXFileReference; lastKnownFileType = sourcecode.c.h; path = AppDelegate.h; sourceTree = "<group>"; };
		EBBB3015207B62EA0006D6AA /* AppDelegate.m */ = {isa = PBXFileReference; lastKnownFileType = sourcecode.c.objc; path = AppDelegate.m; sourceTree = "<group>"; };
		EBBB3017207B62EA0006D6AA /* ViewController.h */ = {isa = PBXFileReference; lastKnownFileType = sourcecode.c.h; path = ViewController.h; sourceTree = "<group>"; };
		EBBB3018207B62EA0006D6AA /* ViewController.m */ = {isa = PBXFileReference; lastKnownFileType = sourcecode.c.objc; path = ViewController.m; sourceTree = "<group>"; };
		EBBB301B207B62EA0006D6AA /* Base */ = {isa = PBXFileReference; lastKnownFileType = file.storyboard; name = Base; path = Base.lproj/Main.storyboard; sourceTree = "<group>"; };
		EBBB301D207B62EB0006D6AA /* Assets.xcassets */ = {isa = PBXFileReference; lastKnownFileType = folder.assetcatalog; path = Assets.xcassets; sourceTree = "<group>"; };
		EBBB3020207B62EB0006D6AA /* Base */ = {isa = PBXFileReference; lastKnownFileType = file.storyboard; name = Base; path = Base.lproj/LaunchScreen.storyboard; sourceTree = "<group>"; };
		EBBB3022207B62EB0006D6AA /* Info.plist */ = {isa = PBXFileReference; lastKnownFileType = text.plist.xml; path = Info.plist; sourceTree = "<group>"; };
		EBBB3023207B62EB0006D6AA /* main.m */ = {isa = PBXFileReference; lastKnownFileType = sourcecode.c.objc; path = main.m; sourceTree = "<group>"; };
		EBBB3029207B62EB0006D6AA /* Block_DemoTests.xctest */ = {isa = PBXFileReference; explicitFileType = wrapper.cfbundle; includeInIndex = 0; path = Block_DemoTests.xctest; sourceTree = BUILT_PRODUCTS_DIR; };
		EBBB302D207B62EB0006D6AA /* Block_DemoTests.m */ = {isa = PBXFileReference; lastKnownFileType = sourcecode.c.objc; path = Block_DemoTests.m; sourceTree = "<group>"; };
		EBBB302F207B62EB0006D6AA /* Info.plist */ = {isa = PBXFileReference; lastKnownFileType = text.plist.xml; path = Info.plist; sourceTree = "<group>"; };
		EBBB3034207B62EB0006D6AA /* Block_DemoUITests.xctest */ = {isa = PBXFileReference; explicitFileType = wrapper.cfbundle; includeInIndex = 0; path = Block_DemoUITests.xctest; sourceTree = BUILT_PRODUCTS_DIR; };
		EBBB3038207B62EB0006D6AA /* Block_DemoUITests.m */ = {isa = PBXFileReference; lastKnownFileType = sourcecode.c.objc; path = Block_DemoUITests.m; sourceTree = "<group>"; };
		EBBB303A207B62EB0006D6AA /* Info.plist */ = {isa = PBXFileReference; lastKnownFileType = text.plist.xml; path = Info.plist; sourceTree = "<group>"; };
/* End PBXFileReference section */

/* Begin PBXFrameworksBuildPhase section */
		EBBB300E207B62EA0006D6AA /* Frameworks */ = {
			isa = PBXFrameworksBuildPhase;
			buildActionMask = 2147483647;
			files = (
			);
			runOnlyForDeploymentPostprocessing = 0;
		};
		EBBB3026207B62EB0006D6AA /* Frameworks */ = {
			isa = PBXFrameworksBuildPhase;
			buildActionMask = 2147483647;
			files = (
			);
			runOnlyForDeploymentPostprocessing = 0;
		};
		EBBB3031207B62EB0006D6AA /* Frameworks */ = {
			isa = PBXFrameworksBuildPhase;
			buildActionMask = 2147483647;
			files = (
			);
			runOnlyForDeploymentPostprocessing = 0;
		};
/* End PBXFrameworksBuildPhase section */

/* Begin PBXGroup section */
		EBBB3008207B62EA0006D6AA = {
			isa = PBXGroup;
			children = (
				EBBB3013207B62EA0006D6AA /* Block_Demo */,
				EBBB302C207B62EB0006D6AA /* Block_DemoTests */,
				EBBB3037207B62EB0006D6AA /* Block_DemoUITests */,
				EBBB3012207B62EA0006D6AA /* Products */,
			);
			sourceTree = "<group>";
		};
		EBBB3012207B62EA0006D6AA /* Products */ = {
			isa = PBXGroup;
			children = (
				EBBB3011207B62EA0006D6AA /* Block_Demo.app */,
				EBBB3029207B62EB0006D6AA /* Block_DemoTests.xctest */,
				EBBB3034207B62EB0006D6AA /* Block_DemoUITests.xctest */,
			);
			name = Products;
			sourceTree = "<group>";
		};
		EBBB3013207B62EA0006D6AA /* Block_Demo */ = {
			isa = PBXGroup;
			children = (
				EBBB3014207B62EA0006D6AA /* AppDelegate.h */,
				EBBB3015207B62EA0006D6AA /* AppDelegate.m */,
				EBBB3017207B62EA0006D6AA /* ViewController.h */,
				EBBB3018207B62EA0006D6AA /* ViewController.m */,
				EBBB301A207B62EA0006D6AA /* Main.storyboard */,
				EBBB301D207B62EB0006D6AA /* Assets.xcassets */,
				EBBB301F207B62EB0006D6AA /* LaunchScreen.storyboard */,
				EBBB3022207B62EB0006D6AA /* Info.plist */,
				EBBB3023207B62EB0006D6AA /* main.m */,
			);
			path = Block_Demo;
			sourceTree = "<group>";
		};
		EBBB302C207B62EB0006D6AA /* Block_DemoTests */ = {
			isa = PBXGroup;
			children = (
				EBBB302D207B62EB0006D6AA /* Block_DemoTests.m */,
				EBBB302F207B62EB0006D6AA /* Info.plist */,
			);
			path = Block_DemoTests;
			sourceTree = "<group>";
		};
		EBBB3037207B62EB0006D6AA /* Block_DemoUITests */ = {
			isa = PBXGroup;
			children = (
				EBBB3038207B62EB0006D6AA /* Block_DemoUITests.m */,
				EBBB303A207B62EB0006D6AA /* Info.plist */,
			);
			path = Block_DemoUITests;
			sourceTree = "<group>";
		};
/* End PBXGroup section */

/* Begin PBXNativeTarget section */
		EBBB3010207B62EA0006D6AA /* Block_Demo */ = {
			isa = PBXNativeTarget;
			buildConfigurationList = EBBB303D207B62EB0006D6AA /* Build configuration list for PBXNativeTarget "Block_Demo" */;
			buildPhases = (
				EBBB300D207B62EA0006D6AA /* Sources */,
				EBBB300E207B62EA0006D6AA /* Frameworks */,
				EBBB300F207B62EA0006D6AA /* Resources */,
			);
			buildRules = (
			);
			dependencies = (
			);
			name = Block_Demo;
			productName = Block_Demo;
			productReference = EBBB3011207B62EA0006D6AA /* Block_Demo.app */;
			productType = "com.apple.product-type.application";
		};
		EBBB3028207B62EB0006D6AA /* Block_DemoTests */ = {
			isa = PBXNativeTarget;
			buildConfigurationList = EBBB3040207B62EB0006D6AA /* Build configuration list for PBXNativeTarget "Block_DemoTests" */;
			buildPhases = (
				EBBB3025207B62EB0006D6AA /* Sources */,
				EBBB3026207B62EB0006D6AA /* Frameworks */,
				EBBB3027207B62EB0006D6AA /* Resources */,
			);
			buildRules = (
			);
			dependencies = (
				EBBB302B207B62EB0006D6AA /* PBXTargetDependency */,
			);
			name = Block_DemoTests;
			productName = Block_DemoTests;
			productReference = EBBB3029207B62EB0006D6AA /* Block_DemoTests.xctest */;
			productType = "com.apple.product-type.bundle.unit-test";
		};
		EBBB3033207B62EB0006D6AA /* Block_DemoUITests */ = {
			isa = PBXNativeTarget;
			buildConfigurationList = EBBB3043207B62EB0006D6AA /* Build configuration list for PBXNativeTarget "Block_DemoUITests" */;
			buildPhases = (
				EBBB3030207B62EB0006D6AA /* Sources */,
				EBBB3031207B62EB0006D6AA /* Frameworks */,
				EBBB3032207B62EB0006D6AA /* Resources */,
			);
			buildRules = (
			);
			dependencies = (
				EBBB3036207B62EB0006D6AA /* PBXTargetDependency */,
			);
			name = Block_DemoUITests;
			productName = Block_DemoUITests;
			productReference = EBBB3034207B62EB0006D6AA /* Block_DemoUITests.xctest */;
			productType = "com.apple.product-type.bundle.ui-testing";
		};
/* End PBXNativeTarget section */

/* Begin PBXProject section */
		EBBB3009207B62EA0006D6AA /* Project object */ = {
			isa = PBXProject;
			attributes = {
				LastUpgradeCheck = 0930;
				ORGANIZATIONNAME = LeeWong;
				TargetAttributes = {
					EBBB3010207B62EA0006D6AA = {
						CreatedOnToolsVersion = 9.3;
					};
					EBBB3028207B62EB0006D6AA = {
						CreatedOnToolsVersion = 9.3;
						TestTargetID = EBBB3010207B62EA0006D6AA;
					};
					EBBB3033207B62EB0006D6AA = {
						CreatedOnToolsVersion = 9.3;
						TestTargetID = EBBB3010207B62EA0006D6AA;
					};
				};
			};
			buildConfigurationList = EBBB300C207B62EA0006D6AA /* Build configuration list for PBXProject "Block_Demo" */;
			compatibilityVersion = "Xcode 9.3";
			developmentRegion = en;
			hasScannedForEncodings = 0;
			knownRegions = (
				en,
				Base,
			);
			mainGroup = EBBB3008207B62EA0006D6AA;
			productRefGroup = EBBB3012207B62EA0006D6AA /* Products */;
			projectDirPath = "";
			projectRoot = "";
			targets = (
				EBBB3010207B62EA0006D6AA /* Block_Demo */,
				EBBB3028207B62EB0006D6AA /* Block_DemoTests */,
				EBBB3033207B62EB0006D6AA /* Block_DemoUITests */,
			);
		};
/* End PBXProject section */

/* Begin PBXResourcesBuildPhase section */
		EBBB300F207B62EA0006D6AA /* Resources */ = {
			isa = PBXResourcesBuildPhase;
			buildActionMask = 2147483647;
			files = (
				EBBB3021207B62EB0006D6AA /* LaunchScreen.storyboard in Resources */,
				EBBB301E207B62EB0006D6AA /* Assets.xcassets in Resources */,
				EBBB301C207B62EA0006D6AA /* Main.storyboard in Resources */,
			);
			runOnlyForDeploymentPostprocessing = 0;
		};
		EBBB3027207B62EB0006D6AA /* Resources */ = {
			isa = PBXResourcesBuildPhase;
			buildActionMask = 2147483647;
			files = (
			);
			runOnlyForDeploymentPostprocessing = 0;
		};
		EBBB3032207B62EB0006D6AA /* Resources */ = {
			isa = PBXResourcesBuildPhase;
			buildActionMask = 2147483647;
			files = (
			);
			runOnlyForDeploymentPostprocessing = 0;
		};
/* End PBXResourcesBuildPhase section */

/* Begin PBXSourcesBuildPhase section */
		EBBB300D207B62EA0006D6AA /* Sources */ = {
			isa = PBXSourcesBuildPhase;
			buildActionMask = 2147483647;
			files = (
				EBBB3019207B62EA0006D6AA /* ViewController.m in Sources */,
				EBBB3024207B62EB0006D6AA /* main.m in Sources */,
				EBBB3016207B62EA0006D6AA /* AppDelegate.m in Sources */,
			);
			runOnlyForDeploymentPostprocessing = 0;
		};
		EBBB3025207B62EB0006D6AA /* Sources */ = {
			isa = PBXSourcesBuildPhase;
			buildActionMask = 2147483647;
			files = (
				EBBB302E207B62EB0006D6AA /* Block_DemoTests.m in Sources */,
			);
			runOnlyForDeploymentPostprocessing = 0;
		};
		EBBB3030207B62EB0006D6AA /* Sources */ = {
			isa = PBXSourcesBuildPhase;
			buildActionMask = 2147483647;
			files = (
				EBBB3039207B62EB0006D6AA /* Block_DemoUITests.m in Sources */,
			);
			runOnlyForDeploymentPostprocessing = 0;
		};
/* End PBXSourcesBuildPhase section */

/* Begin PBXTargetDependency section */
		EBBB302B207B62EB0006D6AA /* PBXTargetDependency */ = {
			isa = PBXTargetDependency;
			target = EBBB3010207B62EA0006D6AA /* Block_Demo */;
			targetProxy = EBBB302A207B62EB0006D6AA /* PBXContainerItemProxy */;
		};
		EBBB3036207B62EB0006D6AA /* PBXTargetDependency */ = {
			isa = PBXTargetDependency;
			target = EBBB3010207B62EA0006D6AA /* Block_Demo */;
			targetProxy = EBBB3035207B62EB0006D6AA /* PBXContainerItemProxy */;
		};
/* End PBXTargetDependency section */

/* Begin PBXVariantGroup section */
		EBBB301A207B62EA0006D6AA /* Main.storyboard */ = {
			isa = PBXVariantGroup;
			children = (
				EBBB301B207B62EA0006D6AA /* Base */,
			);
			name = Main.storyboard;
			sourceTree = "<group>";
		};
		EBBB301F207B62EB0006D6AA /* LaunchScreen.storyboard */ = {
			isa = PBXVariantGroup;
			children = (
				EBBB3020207B62EB0006D6AA /* Base */,
			);
			name = LaunchScreen.storyboard;
			sourceTree = "<group>";
		};
/* End PBXVariantGroup section */

/* Begin XCBuildConfiguration section */
		EBBB303B207B62EB0006D6AA /* Debug */ = {
			isa = XCBuildConfiguration;
			buildSettings = {
				ALWAYS_SEARCH_USER_PATHS = NO;
				CLANG_ANALYZER_NONNULL = YES;
				CLANG_ANALYZER_NUMBER_OBJECT_CONVERSION = YES_AGGRESSIVE;
				CLANG_CXX_LANGUAGE_STANDARD = "gnu++14";
				CLANG_CXX_LIBRARY = "libc++";
				CLANG_ENABLE_MODULES = YES;
				CLANG_ENABLE_OBJC_ARC = YES;
				CLANG_ENABLE_OBJC_WEAK = YES;
				CLANG_WARN_BLOCK_CAPTURE_AUTORELEASING = YES;
				CLANG_WARN_BOOL_CONVERSION = YES;
				CLANG_WARN_COMMA = YES;
				CLANG_WARN_CONSTANT_CONVERSION = YES;
				CLANG_WARN_DEPRECATED_OBJC_IMPLEMENTATIONS = YES;
				CLANG_WARN_DIRECT_OBJC_ISA_USAGE = YES_ERROR;
				CLANG_WARN_DOCUMENTATION_COMMENTS = YES;
				CLANG_WARN_EMPTY_BODY = YES;
				CLANG_WARN_ENUM_CONVERSION = YES;
				CLANG_WARN_INFINITE_RECURSION = YES;
				CLANG_WARN_INT_CONVERSION = YES;
				CLANG_WARN_NON_LITERAL_NULL_CONVERSION = YES;
				CLANG_WARN_OBJC_IMPLICIT_RETAIN_SELF = YES;
				CLANG_WARN_OBJC_LITERAL_CONVERSION = YES;
				CLANG_WARN_OBJC_ROOT_CLASS = YES_ERROR;
				CLANG_WARN_RANGE_LOOP_ANALYSIS = YES;
				CLANG_WARN_STRICT_PROTOTYPES = YES;
				CLANG_WARN_SUSPICIOUS_MOVE = YES;
				CLANG_WARN_UNGUARDED_AVAILABILITY = YES_AGGRESSIVE;
				CLANG_WARN_UNREACHABLE_CODE = YES;
				CLANG_WARN__DUPLICATE_METHOD_MATCH = YES;
				CODE_SIGN_IDENTITY = "iPhone Developer";
				COPY_PHASE_STRIP = NO;
				DEBUG_INFORMATION_FORMAT = dwarf;
				ENABLE_STRICT_OBJC_MSGSEND = YES;
				ENABLE_TESTABILITY = YES;
				GCC_C_LANGUAGE_STANDARD = gnu11;
				GCC_DYNAMIC_NO_PIC = NO;
				GCC_NO_COMMON_BLOCKS = YES;
				GCC_OPTIMIZATION_LEVEL = 0;
				GCC_PREPROCESSOR_DEFINITIONS = (
					"DEBUG=1",
					"$(inherited)",
				);
				GCC_WARN_64_TO_32_BIT_CONVERSION = YES;
				GCC_WARN_ABOUT_RETURN_TYPE = YES_ERROR;
				GCC_WARN_UNDECLARED_SELECTOR = YES;
				GCC_WARN_UNINITIALIZED_AUTOS = YES_AGGRESSIVE;
				GCC_WARN_UNUSED_FUNCTION = YES;
				GCC_WARN_UNUSED_VARIABLE = YES;
				IPHONEOS_DEPLOYMENT_TARGET = 11.3;
				MTL_ENABLE_DEBUG_INFO = YES;
				ONLY_ACTIVE_ARCH = YES;
				SDKROOT = iphoneos;
			};
			name = Debug;
		};
		EBBB303C207B62EB0006D6AA /* Release */ = {
			isa = XCBuildConfiguration;
			buildSettings = {
				ALWAYS_SEARCH_USER_PATHS = NO;
				CLANG_ANALYZER_NONNULL = YES;
				CLANG_ANALYZER_NUMBER_OBJECT_CONVERSION = YES_AGGRESSIVE;
				CLANG_CXX_LANGUAGE_STANDARD = "gnu++14";
				CLANG_CXX_LIBRARY = "libc++";
				CLANG_ENABLE_MODULES = YES;
				CLANG_ENABLE_OBJC_ARC = YES;
				CLANG_ENABLE_OBJC_WEAK = YES;
				CLANG_WARN_BLOCK_CAPTURE_AUTORELEASING = YES;
				CLANG_WARN_BOOL_CONVERSION = YES;
				CLANG_WARN_COMMA = YES;
				CLANG_WARN_CONSTANT_CONVERSION = YES;
				CLANG_WARN_DEPRECATED_OBJC_IMPLEMENTATIONS = YES;
				CLANG_WARN_DIRECT_OBJC_ISA_USAGE = YES_ERROR;
				CLANG_WARN_DOCUMENTATION_COMMENTS = YES;
				CLANG_WARN_EMPTY_BODY = YES;
				CLANG_WARN_ENUM_CONVERSION = YES;
				CLANG_WARN_INFINITE_RECURSION = YES;
				CLANG_WARN_INT_CONVERSION = YES;
				CLANG_WARN_NON_LITERAL_NULL_CONVERSION = YES;
				CLANG_WARN_OBJC_IMPLICIT_RETAIN_SELF = YES;
				CLANG_WARN_OBJC_LITERAL_CONVERSION = YES;
				CLANG_WARN_OBJC_ROOT_CLASS = YES_ERROR;
				CLANG_WARN_RANGE_LOOP_ANALYSIS = YES;
				CLANG_WARN_STRICT_PROTOTYPES = YES;
				CLANG_WARN_SUSPICIOUS_MOVE = YES;
				CLANG_WARN_UNGUARDED_AVAILABILITY = YES_AGGRESSIVE;
				CLANG_WARN_UNREACHABLE_CODE = YES;
				CLANG_WARN__DUPLICATE_METHOD_MATCH = YES;
				CODE_SIGN_IDENTITY = "iPhone Developer";
				COPY_PHASE_STRIP = NO;
				DEBUG_INFORMATION_FORMAT = "dwarf-with-dsym";
				ENABLE_NS_ASSERTIONS = NO;
				ENABLE_STRICT_OBJC_MSGSEND = YES;
				GCC_C_LANGUAGE_STANDARD = gnu11;
				GCC_NO_COMMON_BLOCKS = YES;
				GCC_WARN_64_TO_32_BIT_CONVERSION = YES;
				GCC_WARN_ABOUT_RETURN_TYPE = YES_ERROR;
				GCC_WARN_UNDECLARED_SELECTOR = YES;
				GCC_WARN_UNINITIALIZED_AUTOS = YES_AGGRESSIVE;
				GCC_WARN_UNUSED_FUNCTION = YES;
				GCC_WARN_UNUSED_VARIABLE = YES;
				IPHONEOS_DEPLOYMENT_TARGET = 11.3;
				MTL_ENABLE_DEBUG_INFO = NO;
				SDKROOT = iphoneos;
				VALIDATE_PRODUCT = YES;
			};
			name = Release;
		};
		EBBB303E207B62EB0006D6AA /* Debug */ = {
			isa = XCBuildConfiguration;
			buildSettings = {
				ASSETCATALOG_COMPILER_APPICON_NAME = AppIcon;
				CODE_SIGN_STYLE = Automatic;
				DEVELOPMENT_TEAM = XWNPFKK4U5;
				INFOPLIST_FILE = Block_Demo/Info.plist;
				LD_RUNPATH_SEARCH_PATHS = (
					"$(inherited)",
					"@executable_path/Frameworks",
				);
				PRODUCT_BUNDLE_IDENTIFIER = "com.lee.Block-Demo";
				PRODUCT_NAME = "$(TARGET_NAME)";
				TARGETED_DEVICE_FAMILY = "1,2";
			};
			name = Debug;
		};
		EBBB303F207B62EB0006D6AA /* Release */ = {
			isa = XCBuildConfiguration;
			buildSettings = {
				ASSETCATALOG_COMPILER_APPICON_NAME = AppIcon;
				CODE_SIGN_STYLE = Automatic;
				DEVELOPMENT_TEAM = XWNPFKK4U5;
				INFOPLIST_FILE = Block_Demo/Info.plist;
				LD_RUNPATH_SEARCH_PATHS = (
					"$(inherited)",
					"@executable_path/Frameworks",
				);
				PRODUCT_BUNDLE_IDENTIFIER = "com.lee.Block-Demo";
				PRODUCT_NAME = "$(TARGET_NAME)";
				TARGETED_DEVICE_FAMILY = "1,2";
			};
			name = Release;
		};
		EBBB3041207B62EB0006D6AA /* Debug */ = {
			isa = XCBuildConfiguration;
			buildSettings = {
				BUNDLE_LOADER = "$(TEST_HOST)";
				CODE_SIGN_STYLE = Automatic;
				DEVELOPMENT_TEAM = XWNPFKK4U5;
				INFOPLIST_FILE = Block_DemoTests/Info.plist;
				LD_RUNPATH_SEARCH_PATHS = (
					"$(inherited)",
					"@executable_path/Frameworks",
					"@loader_path/Frameworks",
				);
				PRODUCT_BUNDLE_IDENTIFIER = "com.lee.Block-DemoTests";
				PRODUCT_NAME = "$(TARGET_NAME)";
				TARGETED_DEVICE_FAMILY = "1,2";
				TEST_HOST = "$(BUILT_PRODUCTS_DIR)/Block_Demo.app/Block_Demo";
			};
			name = Debug;
		};
		EBBB3042207B62EB0006D6AA /* Release */ = {
			isa = XCBuildConfiguration;
			buildSettings = {
				BUNDLE_LOADER = "$(TEST_HOST)";
				CODE_SIGN_STYLE = Automatic;
				DEVELOPMENT_TEAM = XWNPFKK4U5;
				INFOPLIST_FILE = Block_DemoTests/Info.plist;
				LD_RUNPATH_SEARCH_PATHS = (
					"$(inherited)",
					"@executable_path/Frameworks",
					"@loader_path/Frameworks",
				);
				PRODUCT_BUNDLE_IDENTIFIER = "com.lee.Block-DemoTests";
				PRODUCT_NAME = "$(TARGET_NAME)";
				TARGETED_DEVICE_FAMILY = "1,2";
				TEST_HOST = "$(BUILT_PRODUCTS_DIR)/Block_Demo.app/Block_Demo";
			};
			name = Release;
		};
		EBBB3044207B62EB0006D6AA /* Debug */ = {
			isa = XCBuildConfiguration;
			buildSettings = {
				CODE_SIGN_STYLE = Automatic;
				DEVELOPMENT_TEAM = XWNPFKK4U5;
				INFOPLIST_FILE = Block_DemoUITests/Info.plist;
				LD_RUNPATH_SEARCH_PATHS = (
					"$(inherited)",
					"@executable_path/Frameworks",
					"@loader_path/Frameworks",
				);
				PRODUCT_BUNDLE_IDENTIFIER = "com.lee.Block-DemoUITests";
				PRODUCT_NAME = "$(TARGET_NAME)";
				TARGETED_DEVICE_FAMILY = "1,2";
				TEST_TARGET_NAME = Block_Demo;
			};
			name = Debug;
		};
		EBBB3045207B62EB0006D6AA /* Release */ = {
			isa = XCBuildConfiguration;
			buildSettings = {
				CODE_SIGN_STYLE = Automatic;
				DEVELOPMENT_TEAM = XWNPFKK4U5;
				INFOPLIST_FILE = Block_DemoUITests/Info.plist;
				LD_RUNPATH_SEARCH_PATHS = (
					"$(inherited)",
					"@executable_path/Frameworks",
					"@loader_path/Frameworks",
				);
				PRODUCT_BUNDLE_IDENTIFIER = "com.lee.Block-DemoUITests";
				PRODUCT_NAME = "$(TARGET_NAME)";
				TARGETED_DEVICE_FAMILY = "1,2";
				TEST_TARGET_NAME = Block_Demo;
			};
			name = Release;
		};
/* End XCBuildConfiguration section */

/* Begin XCConfigurationList section */
		EBBB300C207B62EA0006D6AA /* Build configuration list for PBXProject "Block_Demo" */ = {
			isa = XCConfigurationList;
			buildConfigurations = (
				EBBB303B207B62EB0006D6AA /* Debug */,
				EBBB303C207B62EB0006D6AA /* Release */,
			);
			defaultConfigurationIsVisible = 0;
			defaultConfigurationName = Release;
		};
		EBBB303D207B62EB0006D6AA /* Build configuration list for PBXNativeTarget "Block_Demo" */ = {
			isa = XCConfigurationList;
			buildConfigurations = (
				EBBB303E207B62EB0006D6AA /* Debug */,
				EBBB303F207B62EB0006D6AA /* Release */,
			);
			defaultConfigurationIsVisible = 0;
			defaultConfigurationName = Release;
		};
		EBBB3040207B62EB0006D6AA /* Build configuration list for PBXNativeTarget "Block_DemoTests" */ = {
			isa = XCConfigurationList;
			buildConfigurations = (
				EBBB3041207B62EB0006D6AA /* Debug */,
				EBBB3042207B62EB0006D6AA /* Release */,
			);
			defaultConfigurationIsVisible = 0;
			defaultConfigurationName = Release;
		};
		EBBB3043207B62EB0006D6AA /* Build configuration list for PBXNativeTarget "Block_DemoUITests" */ = {
			isa = XCConfigurationList;
			buildConfigurations = (
				EBBB3044207B62EB0006D6AA /* Debug */,
				EBBB3045207B62EB0006D6AA /* Release */,
			);
			defaultConfigurationIsVisible = 0;
			defaultConfigurationName = Release;
		};
/* End XCConfigurationList section */
	};
	rootObject = EBBB3009207B62EA0006D6AA /* Project object */;
}
