// !$*UTF8*$!
{
	archiveVersion = 1;
	classes = {
	};
	objectVersion = 50;
	objects = {

/* Begin PBXBuildFile section */
		EB4B1AAA20B3C1FF00207701 /* AppDelegate.m in Sources */ = {isa = PBXBuildFile; fileRef = EB4B1AA920B3C1FF00207701 /* AppDelegate.m */; };
		EB4B1AAD20B3C1FF00207701 /* ViewController.m in Sources */ = {isa = PBXBuildFile; fileRef = EB4B1AAC20B3C1FF00207701 /* ViewController.m */; };
		EB4B1AC220B3C20000207701 /* OOCalculatorTests.m in Sources */ = {isa = PBXBuildFile; fileRef = EB4B1AC120B3C20000207701 /* OOCalculatorTests.m */; };
		EB4B1ACD20B3C20000207701 /* OOCalculatorUITests.m in Sources */ = {isa = PBXBuildFile; fileRef = EB4B1ACC20B3C20000207701 /* OOCalculatorUITests.m */; };
		EB4B1AE220B3C27A00207701 /* Assets.xcassets in Resources */ = {isa = PBXBuildFile; fileRef = EB4B1ADB20B3C27A00207701 /* Assets.xcassets */; };
		EB4B1AE320B3C27A00207701 /* LaunchScreen.storyboard in Resources */ = {isa = PBXBuildFile; fileRef = EB4B1ADC20B3C27A00207701 /* LaunchScreen.storyboard */; };
		EB4B1AE420B3C27A00207701 /* Main.storyboard in Resources */ = {isa = PBXBuildFile; fileRef = EB4B1ADE20B3C27A00207701 /* Main.storyboard */; };
		EB4B1AE520B3C27A00207701 /* main.m in Sources */ = {isa = PBXBuildFile; fileRef = EB4B1AE020B3C27A00207701 /* main.m */; };
		EB4B1AE620B3C27A00207701 /* Info.plist in Resources */ = {isa = PBXBuildFile; fileRef = EB4B1AE120B3C27A00207701 /* Info.plist */; };
		EB4B1AE920B3C28D00207701 /* Operator.m in Sources */ = {isa = PBXBuildFile; fileRef = EB4B1AE820B3C28D00207701 /* Operator.m */; };
/* End PBXBuildFile section */

/* Begin PBXContainerItemProxy section */
		EB4B1ABE20B3C20000207701 /* PBXContainerItemProxy */ = {
			isa = PBXContainerItemProxy;
			containerPortal = EB4B1A9D20B3C1FF00207701 /* Project object */;
			proxyType = 1;
			remoteGlobalIDString = EB4B1AA420B3C1FF00207701;
			remoteInfo = OOCalculator;
		};
		EB4B1AC920B3C20000207701 /* PBXContainerItemProxy */ = {
			isa = PBXContainerItemProxy;
			containerPortal = EB4B1A9D20B3C1FF00207701 /* Project object */;
			proxyType = 1;
			remoteGlobalIDString = EB4B1AA420B3C1FF00207701;
			remoteInfo = OOCalculator;
		};
/* End PBXContainerItemProxy section */

/* Begin PBXFileReference section */
		EB4B1AA520B3C1FF00207701 /* OOCalculator.app */ = {isa = PBXFileReference; explicitFileType = wrapper.application; includeInIndex = 0; path = OOCalculator.app; sourceTree = BUILT_PRODUCTS_DIR; };
		EB4B1AA820B3C1FF00207701 /* AppDelegate.h */ = {isa = PBXFileReference; lastKnownFileType = sourcecode.c.h; path = AppDelegate.h; sourceTree = "<group>"; };
		EB4B1AA920B3C1FF00207701 /* AppDelegate.m */ = {isa = PBXFileReference; lastKnownFileType = sourcecode.c.objc; path = AppDelegate.m; sourceTree = "<group>"; };
		EB4B1AAB20B3C1FF00207701 /* ViewController.h */ = {isa = PBXFileReference; lastKnownFileType = sourcecode.c.h; path = ViewController.h; sourceTree = "<group>"; };
		EB4B1AAC20B3C1FF00207701 /* ViewController.m */ = {isa = PBXFileReference; lastKnownFileType = sourcecode.c.objc; path = ViewController.m; sourceTree = "<group>"; };
		EB4B1ABD20B3C20000207701 /* OOCalculatorTests.xctest */ = {isa = PBXFileReference; explicitFileType = wrapper.cfbundle; includeInIndex = 0; path = OOCalculatorTests.xctest; sourceTree = BUILT_PRODUCTS_DIR; };
		EB4B1AC120B3C20000207701 /* OOCalculatorTests.m */ = {isa = PBXFileReference; lastKnownFileType = sourcecode.c.objc; path = OOCalculatorTests.m; sourceTree = "<group>"; };
		EB4B1AC320B3C20000207701 /* Info.plist */ = {isa = PBXFileReference; lastKnownFileType = text.plist.xml; path = Info.plist; sourceTree = "<group>"; };
		EB4B1AC820B3C20000207701 /* OOCalculatorUITests.xctest */ = {isa = PBXFileReference; explicitFileType = wrapper.cfbundle; includeInIndex = 0; path = OOCalculatorUITests.xctest; sourceTree = BUILT_PRODUCTS_DIR; };
		EB4B1ACC20B3C20000207701 /* OOCalculatorUITests.m */ = {isa = PBXFileReference; lastKnownFileType = sourcecode.c.objc; path = OOCalculatorUITests.m; sourceTree = "<group>"; };
		EB4B1ACE20B3C20000207701 /* Info.plist */ = {isa = PBXFileReference; lastKnownFileType = text.plist.xml; path = Info.plist; sourceTree = "<group>"; };
		EB4B1ADB20B3C27A00207701 /* Assets.xcassets */ = {isa = PBXFileReference; lastKnownFileType = folder.assetcatalog; path = Assets.xcassets; sourceTree = "<group>"; };
		EB4B1ADD20B3C27A00207701 /* Base */ = {isa = PBXFileReference; lastKnownFileType = file.storyboard; name = Base; path = Base.lproj/LaunchScreen.storyboard; sourceTree = "<group>"; };
		EB4B1ADF20B3C27A00207701 /* Base */ = {isa = PBXFileReference; lastKnownFileType = file.storyboard; name = Base; path = Base.lproj/Main.storyboard; sourceTree = "<group>"; };
		EB4B1AE020B3C27A00207701 /* main.m */ = {isa = PBXFileReference; fileEncoding = 4; lastKnownFileType = sourcecode.c.objc; path = main.m; sourceTree = "<group>"; };
		EB4B1AE120B3C27A00207701 /* Info.plist */ = {isa = PBXFileReference; fileEncoding = 4; lastKnownFileType = text.plist.xml; path = Info.plist; sourceTree = "<group>"; };
		EB4B1AE720B3C28D00207701 /* Operator.h */ = {isa = PBXFileReference; lastKnownFileType = sourcecode.c.h; path = Operator.h; sourceTree = "<group>"; };
		EB4B1AE820B3C28D00207701 /* Operator.m */ = {isa = PBXFileReference; lastKnownFileType = sourcecode.c.objc; path = Operator.m; sourceTree = "<group>"; };
/* End PBXFileReference section */

/* Begin PBXFrameworksBuildPhase section */
		EB4B1AA220B3C1FF00207701 /* Frameworks */ = {
			isa = PBXFrameworksBuildPhase;
			buildActionMask = 2147483647;
			files = (
			);
			runOnlyForDeploymentPostprocessing = 0;
		};
		EB4B1ABA20B3C20000207701 /* Frameworks */ = {
			isa = PBXFrameworksBuildPhase;
			buildActionMask = 2147483647;
			files = (
			);
			runOnlyForDeploymentPostprocessing = 0;
		};
		EB4B1AC520B3C20000207701 /* Frameworks */ = {
			isa = PBXFrameworksBuildPhase;
			buildActionMask = 2147483647;
			files = (
			);
			runOnlyForDeploymentPostprocessing = 0;
		};
/* End PBXFrameworksBuildPhase section */

/* Begin PBXGroup section */
		EB4B1A9C20B3C1FF00207701 = {
			isa = PBXGroup;
			children = (
				EB4B1AA720B3C1FF00207701 /* OOCalculator */,
				EB4B1AC020B3C20000207701 /* OOCalculatorTests */,
				EB4B1ACB20B3C20000207701 /* OOCalculatorUITests */,
				EB4B1AA620B3C1FF00207701 /* Products */,
			);
			sourceTree = "<group>";
		};
		EB4B1AA620B3C1FF00207701 /* Products */ = {
			isa = PBXGroup;
			children = (
				EB4B1AA520B3C1FF00207701 /* OOCalculator.app */,
				EB4B1ABD20B3C20000207701 /* OOCalculatorTests.xctest */,
				EB4B1AC820B3C20000207701 /* OOCalculatorUITests.xctest */,
			);
			name = Products;
			sourceTree = "<group>";
		};
		EB4B1AA720B3C1FF00207701 /* OOCalculator */ = {
			isa = PBXGroup;
			children = (
				EB4B1AA820B3C1FF00207701 /* AppDelegate.h */,
				EB4B1AA920B3C1FF00207701 /* AppDelegate.m */,
				EB4B1AAB20B3C1FF00207701 /* ViewController.h */,
				EB4B1AAC20B3C1FF00207701 /* ViewController.m */,
				EB4B1ADA20B3C27A00207701 /* SupportingFiles */,
				EB4B1AE720B3C28D00207701 /* Operator.h */,
				EB4B1AE820B3C28D00207701 /* Operator.m */,
			);
			path = OOCalculator;
			sourceTree = "<group>";
		};
		EB4B1AC020B3C20000207701 /* OOCalculatorTests */ = {
			isa = PBXGroup;
			children = (
				EB4B1AC120B3C20000207701 /* OOCalculatorTests.m */,
				EB4B1AC320B3C20000207701 /* Info.plist */,
			);
			path = OOCalculatorTests;
			sourceTree = "<group>";
		};
		EB4B1ACB20B3C20000207701 /* OOCalculatorUITests */ = {
			isa = PBXGroup;
			children = (
				EB4B1ACC20B3C20000207701 /* OOCalculatorUITests.m */,
				EB4B1ACE20B3C20000207701 /* Info.plist */,
			);
			path = OOCalculatorUITests;
			sourceTree = "<group>";
		};
		EB4B1ADA20B3C27A00207701 /* SupportingFiles */ = {
			isa = PBXGroup;
			children = (
				EB4B1ADB20B3C27A00207701 /* Assets.xcassets */,
				EB4B1ADC20B3C27A00207701 /* LaunchScreen.storyboard */,
				EB4B1ADE20B3C27A00207701 /* Main.storyboard */,
				EB4B1AE020B3C27A00207701 /* main.m */,
				EB4B1AE120B3C27A00207701 /* Info.plist */,
			);
			path = SupportingFiles;
			sourceTree = "<group>";
		};
/* End PBXGroup section */

/* Begin PBXNativeTarget section */
		EB4B1AA420B3C1FF00207701 /* OOCalculator */ = {
			isa = PBXNativeTarget;
			buildConfigurationList = EB4B1AD120B3C20000207701 /* Build configuration list for PBXNativeTarget "OOCalculator" */;
			buildPhases = (
				EB4B1AA120B3C1FF00207701 /* Sources */,
				EB4B1AA220B3C1FF00207701 /* Frameworks */,
				EB4B1AA320B3C1FF00207701 /* Resources */,
			);
			buildRules = (
			);
			dependencies = (
			);
			name = OOCalculator;
			productName = OOCalculator;
			productReference = EB4B1AA520B3C1FF00207701 /* OOCalculator.app */;
			productType = "com.apple.product-type.application";
		};
		EB4B1ABC20B3C20000207701 /* OOCalculatorTests */ = {
			isa = PBXNativeTarget;
			buildConfigurationList = EB4B1AD420B3C20000207701 /* Build configuration list for PBXNativeTarget "OOCalculatorTests" */;
			buildPhases = (
				EB4B1AB920B3C20000207701 /* Sources */,
				EB4B1ABA20B3C20000207701 /* Frameworks */,
				EB4B1ABB20B3C20000207701 /* Resources */,
			);
			buildRules = (
			);
			dependencies = (
				EB4B1ABF20B3C20000207701 /* PBXTargetDependency */,
			);
			name = OOCalculatorTests;
			productName = OOCalculatorTests;
			productReference = EB4B1ABD20B3C20000207701 /* OOCalculatorTests.xctest */;
			productType = "com.apple.product-type.bundle.unit-test";
		};
		EB4B1AC720B3C20000207701 /* OOCalculatorUITests */ = {
			isa = PBXNativeTarget;
			buildConfigurationList = EB4B1AD720B3C20000207701 /* Build configuration list for PBXNativeTarget "OOCalculatorUITests" */;
			buildPhases = (
				EB4B1AC420B3C20000207701 /* Sources */,
				EB4B1AC520B3C20000207701 /* Frameworks */,
				EB4B1AC620B3C20000207701 /* Resources */,
			);
			buildRules = (
			);
			dependencies = (
				EB4B1ACA20B3C20000207701 /* PBXTargetDependency */,
			);
			name = OOCalculatorUITests;
			productName = OOCalculatorUITests;
			productReference = EB4B1AC820B3C20000207701 /* OOCalculatorUITests.xctest */;
			productType = "com.apple.product-type.bundle.ui-testing";
		};
/* End PBXNativeTarget section */

/* Begin PBXProject section */
		EB4B1A9D20B3C1FF00207701 /* Project object */ = {
			isa = PBXProject;
			attributes = {
				LastUpgradeCheck = 0930;
				ORGANIZATIONNAME = LeeWong;
				TargetAttributes = {
					EB4B1AA420B3C1FF00207701 = {
						CreatedOnToolsVersion = 9.3;
					};
					EB4B1ABC20B3C20000207701 = {
						CreatedOnToolsVersion = 9.3;
						TestTargetID = EB4B1AA420B3C1FF00207701;
					};
					EB4B1AC720B3C20000207701 = {
						CreatedOnToolsVersion = 9.3;
						TestTargetID = EB4B1AA420B3C1FF00207701;
					};
				};
			};
			buildConfigurationList = EB4B1AA020B3C1FF00207701 /* Build configuration list for PBXProject "OOCalculator" */;
			compatibilityVersion = "Xcode 9.3";
			developmentRegion = en;
			hasScannedForEncodings = 0;
			knownRegions = (
				en,
				Base,
			);
			mainGroup = EB4B1A9C20B3C1FF00207701;
			productRefGroup = EB4B1AA620B3C1FF00207701 /* Products */;
			projectDirPath = "";
			projectRoot = "";
			targets = (
				EB4B1AA420B3C1FF00207701 /* OOCalculator */,
				EB4B1ABC20B3C20000207701 /* OOCalculatorTests */,
				EB4B1AC720B3C20000207701 /* OOCalculatorUITests */,
			);
		};
/* End PBXProject section */

/* Begin PBXResourcesBuildPhase section */
		EB4B1AA320B3C1FF00207701 /* Resources */ = {
			isa = PBXResourcesBuildPhase;
			buildActionMask = 2147483647;
			files = (
				EB4B1AE620B3C27A00207701 /* Info.plist in Resources */,
				EB4B1AE420B3C27A00207701 /* Main.storyboard in Resources */,
				EB4B1AE220B3C27A00207701 /* Assets.xcassets in Resources */,
				EB4B1AE320B3C27A00207701 /* LaunchScreen.storyboard in Resources */,
			);
			runOnlyForDeploymentPostprocessing = 0;
		};
		EB4B1ABB20B3C20000207701 /* Resources */ = {
			isa = PBXResourcesBuildPhase;
			buildActionMask = 2147483647;
			files = (
			);
			runOnlyForDeploymentPostprocessing = 0;
		};
		EB4B1AC620B3C20000207701 /* Resources */ = {
			isa = PBXResourcesBuildPhase;
			buildActionMask = 2147483647;
			files = (
			);
			runOnlyForDeploymentPostprocessing = 0;
		};
/* End PBXResourcesBuildPhase section */

/* Begin PBXSourcesBuildPhase section */
		EB4B1AA120B3C1FF00207701 /* Sources */ = {
			isa = PBXSourcesBuildPhase;
			buildActionMask = 2147483647;
			files = (
				EB4B1AAD20B3C1FF00207701 /* ViewController.m in Sources */,
				EB4B1AE920B3C28D00207701 /* Operator.m in Sources */,
				EB4B1AE520B3C27A00207701 /* main.m in Sources */,
				EB4B1AAA20B3C1FF00207701 /* AppDelegate.m in Sources */,
			);
			runOnlyForDeploymentPostprocessing = 0;
		};
		EB4B1AB920B3C20000207701 /* Sources */ = {
			isa = PBXSourcesBuildPhase;
			buildActionMask = 2147483647;
			files = (
				EB4B1AC220B3C20000207701 /* OOCalculatorTests.m in Sources */,
			);
			runOnlyForDeploymentPostprocessing = 0;
		};
		EB4B1AC420B3C20000207701 /* Sources */ = {
			isa = PBXSourcesBuildPhase;
			buildActionMask = 2147483647;
			files = (
				EB4B1ACD20B3C20000207701 /* OOCalculatorUITests.m in Sources */,
			);
			runOnlyForDeploymentPostprocessing = 0;
		};
/* End PBXSourcesBuildPhase section */

/* Begin PBXTargetDependency section */
		EB4B1ABF20B3C20000207701 /* PBXTargetDependency */ = {
			isa = PBXTargetDependency;
			target = EB4B1AA420B3C1FF00207701 /* OOCalculator */;
			targetProxy = EB4B1ABE20B3C20000207701 /* PBXContainerItemProxy */;
		};
		EB4B1ACA20B3C20000207701 /* PBXTargetDependency */ = {
			isa = PBXTargetDependency;
			target = EB4B1AA420B3C1FF00207701 /* OOCalculator */;
			targetProxy = EB4B1AC920B3C20000207701 /* PBXContainerItemProxy */;
		};
/* End PBXTargetDependency section */

/* Begin PBXVariantGroup section */
		EB4B1ADC20B3C27A00207701 /* LaunchScreen.storyboard */ = {
			isa = PBXVariantGroup;
			children = (
				EB4B1ADD20B3C27A00207701 /* Base */,
			);
			name = LaunchScreen.storyboard;
			sourceTree = "<group>";
		};
		EB4B1ADE20B3C27A00207701 /* Main.storyboard */ = {
			isa = PBXVariantGroup;
			children = (
				EB4B1ADF20B3C27A00207701 /* Base */,
			);
			name = Main.storyboard;
			sourceTree = "<group>";
		};
/* End PBXVariantGroup section */

/* Begin XCBuildConfiguration section */
		EB4B1ACF20B3C20000207701 /* Debug */ = {
			isa = XCBuildConfiguration;
			buildSettings = {
				ALWAYS_SEARCH_USER_PATHS = NO;
				CLANG_ANALYZER_NONNULL = YES;
				CLANG_ANALYZER_NUMBER_OBJECT_CONVERSION = YES_AGGRESSIVE;
				CLANG_CXX_LANGUAGE_STANDARD = "gnu++14";
				CLANG_CXX_LIBRARY = "libc++";
				CLANG_ENABLE_MODULES = YES;
				CLANG_ENABLE_OBJC_ARC = YES;
				CLANG_ENABLE_OBJC_WEAK = YES;
				CLANG_WARN_BLOCK_CAPTURE_AUTORELEASING = YES;
				CLANG_WARN_BOOL_CONVERSION = YES;
				CLANG_WARN_COMMA = YES;
				CLANG_WARN_CONSTANT_CONVERSION = YES;
				CLANG_WARN_DEPRECATED_OBJC_IMPLEMENTATIONS = YES;
				CLANG_WARN_DIRECT_OBJC_ISA_USAGE = YES_ERROR;
				CLANG_WARN_DOCUMENTATION_COMMENTS = YES;
				CLANG_WARN_EMPTY_BODY = YES;
				CLANG_WARN_ENUM_CONVERSION = YES;
				CLANG_WARN_INFINITE_RECURSION = YES;
				CLANG_WARN_INT_CONVERSION = YES;
				CLANG_WARN_NON_LITERAL_NULL_CONVERSION = YES;
				CLANG_WARN_OBJC_IMPLICIT_RETAIN_SELF = YES;
				CLANG_WARN_OBJC_LITERAL_CONVERSION = YES;
				CLANG_WARN_OBJC_ROOT_CLASS = YES_ERROR;
				CLANG_WARN_RANGE_LOOP_ANALYSIS = YES;
				CLANG_WARN_STRICT_PROTOTYPES = YES;
				CLANG_WARN_SUSPICIOUS_MOVE = YES;
				CLANG_WARN_UNGUARDED_AVAILABILITY = YES_AGGRESSIVE;
				CLANG_WARN_UNREACHABLE_CODE = YES;
				CLANG_WARN__DUPLICATE_METHOD_MATCH = YES;
				CODE_SIGN_IDENTITY = "iPhone Developer";
				COPY_PHASE_STRIP = NO;
				DEBUG_INFORMATION_FORMAT = dwarf;
				ENABLE_STRICT_OBJC_MSGSEND = YES;
				ENABLE_TESTABILITY = YES;
				GCC_C_LANGUAGE_STANDARD = gnu11;
				GCC_DYNAMIC_NO_PIC = NO;
				GCC_NO_COMMON_BLOCKS = YES;
				GCC_OPTIMIZATION_LEVEL = 0;
				GCC_PREPROCESSOR_DEFINITIONS = (
					"DEBUG=1",
					"$(inherited)",
				);
				GCC_WARN_64_TO_32_BIT_CONVERSION = YES;
				GCC_WARN_ABOUT_RETURN_TYPE = YES_ERROR;
				GCC_WARN_UNDECLARED_SELECTOR = YES;
				GCC_WARN_UNINITIALIZED_AUTOS = YES_AGGRESSIVE;
				GCC_WARN_UNUSED_FUNCTION = YES;
				GCC_WARN_UNUSED_VARIABLE = YES;
				IPHONEOS_DEPLOYMENT_TARGET = 11.3;
				MTL_ENABLE_DEBUG_INFO = YES;
				ONLY_ACTIVE_ARCH = YES;
				SDKROOT = iphoneos;
			};
			name = Debug;
		};
		EB4B1AD020B3C20000207701 /* Release */ = {
			isa = XCBuildConfiguration;
			buildSettings = {
				ALWAYS_SEARCH_USER_PATHS = NO;
				CLANG_ANALYZER_NONNULL = YES;
				CLANG_ANALYZER_NUMBER_OBJECT_CONVERSION = YES_AGGRESSIVE;
				CLANG_CXX_LANGUAGE_STANDARD = "gnu++14";
				CLANG_CXX_LIBRARY = "libc++";
				CLANG_ENABLE_MODULES = YES;
				CLANG_ENABLE_OBJC_ARC = YES;
				CLANG_ENABLE_OBJC_WEAK = YES;
				CLANG_WARN_BLOCK_CAPTURE_AUTORELEASING = YES;
				CLANG_WARN_BOOL_CONVERSION = YES;
				CLANG_WARN_COMMA = YES;
				CLANG_WARN_CONSTANT_CONVERSION = YES;
				CLANG_WARN_DEPRECATED_OBJC_IMPLEMENTATIONS = YES;
				CLANG_WARN_DIRECT_OBJC_ISA_USAGE = YES_ERROR;
				CLANG_WARN_DOCUMENTATION_COMMENTS = YES;
				CLANG_WARN_EMPTY_BODY = YES;
				CLANG_WARN_ENUM_CONVERSION = YES;
				CLANG_WARN_INFINITE_RECURSION = YES;
				CLANG_WARN_INT_CONVERSION = YES;
				CLANG_WARN_NON_LITERAL_NULL_CONVERSION = YES;
				CLANG_WARN_OBJC_IMPLICIT_RETAIN_SELF = YES;
				CLANG_WARN_OBJC_LITERAL_CONVERSION = YES;
				CLANG_WARN_OBJC_ROOT_CLASS = YES_ERROR;
				CLANG_WARN_RANGE_LOOP_ANALYSIS = YES;
				CLANG_WARN_STRICT_PROTOTYPES = YES;
				CLANG_WARN_SUSPICIOUS_MOVE = YES;
				CLANG_WARN_UNGUARDED_AVAILABILITY = YES_AGGRESSIVE;
				CLANG_WARN_UNREACHABLE_CODE = YES;
				CLANG_WARN__DUPLICATE_METHOD_MATCH = YES;
				CODE_SIGN_IDENTITY = "iPhone Developer";
				COPY_PHASE_STRIP = NO;
				DEBUG_INFORMATION_FORMAT = "dwarf-with-dsym";
				ENABLE_NS_ASSERTIONS = NO;
				ENABLE_STRICT_OBJC_MSGSEND = YES;
				GCC_C_LANGUAGE_STANDARD = gnu11;
				GCC_NO_COMMON_BLOCKS = YES;
				GCC_WARN_64_TO_32_BIT_CONVERSION = YES;
				GCC_WARN_ABOUT_RETURN_TYPE = YES_ERROR;
				GCC_WARN_UNDECLARED_SELECTOR = YES;
				GCC_WARN_UNINITIALIZED_AUTOS = YES_AGGRESSIVE;
				GCC_WARN_UNUSED_FUNCTION = YES;
				GCC_WARN_UNUSED_VARIABLE = YES;
				IPHONEOS_DEPLOYMENT_TARGET = 11.3;
				MTL_ENABLE_DEBUG_INFO = NO;
				SDKROOT = iphoneos;
				VALIDATE_PRODUCT = YES;
			};
			name = Release;
		};
		EB4B1AD220B3C20000207701 /* Debug */ = {
			isa = XCBuildConfiguration;
			buildSettings = {
				ASSETCATALOG_COMPILER_APPICON_NAME = AppIcon;
				CODE_SIGN_STYLE = Automatic;
				DEVELOPMENT_TEAM = XWNPFKK4U5;
				INFOPLIST_FILE = "$(SRCROOT)/OOCalculator/SupportingFiles/Info.plist";
				LD_RUNPATH_SEARCH_PATHS = (
					"$(inherited)",
					"@executable_path/Frameworks",
				);
				PRODUCT_BUNDLE_IDENTIFIER = com.lee.OOCalculator;
				PRODUCT_NAME = "$(TARGET_NAME)";
				TARGETED_DEVICE_FAMILY = "1,2";
			};
			name = Debug;
		};
		EB4B1AD320B3C20000207701 /* Release */ = {
			isa = XCBuildConfiguration;
			buildSettings = {
				ASSETCATALOG_COMPILER_APPICON_NAME = AppIcon;
				CODE_SIGN_STYLE = Automatic;
				DEVELOPMENT_TEAM = XWNPFKK4U5;
				INFOPLIST_FILE = "$(SRCROOT)/OOCalculator/SupportingFiles/Info.plist";
				LD_RUNPATH_SEARCH_PATHS = (
					"$(inherited)",
					"@executable_path/Frameworks",
				);
				PRODUCT_BUNDLE_IDENTIFIER = com.lee.OOCalculator;
				PRODUCT_NAME = "$(TARGET_NAME)";
				TARGETED_DEVICE_FAMILY = "1,2";
			};
			name = Release;
		};
		EB4B1AD520B3C20000207701 /* Debug */ = {
			isa = XCBuildConfiguration;
			buildSettings = {
				BUNDLE_LOADER = "$(TEST_HOST)";
				CODE_SIGN_STYLE = Automatic;
				DEVELOPMENT_TEAM = XWNPFKK4U5;
				INFOPLIST_FILE = OOCalculatorTests/Info.plist;
				LD_RUNPATH_SEARCH_PATHS = (
					"$(inherited)",
					"@executable_path/Frameworks",
					"@loader_path/Frameworks",
				);
				PRODUCT_BUNDLE_IDENTIFIER = com.lee.OOCalculatorTests;
				PRODUCT_NAME = "$(TARGET_NAME)";
				TARGETED_DEVICE_FAMILY = "1,2";
				TEST_HOST = "$(BUILT_PRODUCTS_DIR)/OOCalculator.app/OOCalculator";
			};
			name = Debug;
		};
		EB4B1AD620B3C20000207701 /* Release */ = {
			isa = XCBuildConfiguration;
			buildSettings = {
				BUNDLE_LOADER = "$(TEST_HOST)";
				CODE_SIGN_STYLE = Automatic;
				DEVELOPMENT_TEAM = XWNPFKK4U5;
				INFOPLIST_FILE = OOCalculatorTests/Info.plist;
				LD_RUNPATH_SEARCH_PATHS = (
					"$(inherited)",
					"@executable_path/Frameworks",
					"@loader_path/Frameworks",
				);
				PRODUCT_BUNDLE_IDENTIFIER = com.lee.OOCalculatorTests;
				PRODUCT_NAME = "$(TARGET_NAME)";
				TARGETED_DEVICE_FAMILY = "1,2";
				TEST_HOST = "$(BUILT_PRODUCTS_DIR)/OOCalculator.app/OOCalculator";
			};
			name = Release;
		};
		EB4B1AD820B3C20000207701 /* Debug */ = {
			isa = XCBuildConfiguration;
			buildSettings = {
				CODE_SIGN_STYLE = Automatic;
				DEVELOPMENT_TEAM = XWNPFKK4U5;
				INFOPLIST_FILE = OOCalculatorUITests/Info.plist;
				LD_RUNPATH_SEARCH_PATHS = (
					"$(inherited)",
					"@executable_path/Frameworks",
					"@loader_path/Frameworks",
				);
				PRODUCT_BUNDLE_IDENTIFIER = com.lee.OOCalculatorUITests;
				PRODUCT_NAME = "$(TARGET_NAME)";
				TARGETED_DEVICE_FAMILY = "1,2";
				TEST_TARGET_NAME = OOCalculator;
			};
			name = Debug;
		};
		EB4B1AD920B3C20000207701 /* Release */ = {
			isa = XCBuildConfiguration;
			buildSettings = {
				CODE_SIGN_STYLE = Automatic;
				DEVELOPMENT_TEAM = XWNPFKK4U5;
				INFOPLIST_FILE = OOCalculatorUITests/Info.plist;
				LD_RUNPATH_SEARCH_PATHS = (
					"$(inherited)",
					"@executable_path/Frameworks",
					"@loader_path/Frameworks",
				);
				PRODUCT_BUNDLE_IDENTIFIER = com.lee.OOCalculatorUITests;
				PRODUCT_NAME = "$(TARGET_NAME)";
				TARGETED_DEVICE_FAMILY = "1,2";
				TEST_TARGET_NAME = OOCalculator;
			};
			name = Release;
		};
/* End XCBuildConfiguration section */

/* Begin XCConfigurationList section */
		EB4B1AA020B3C1FF00207701 /* Build configuration list for PBXProject "OOCalculator" */ = {
			isa = XCConfigurationList;
			buildConfigurations = (
				EB4B1ACF20B3C20000207701 /* Debug */,
				EB4B1AD020B3C20000207701 /* Release */,
			);
			defaultConfigurationIsVisible = 0;
			defaultConfigurationName = Release;
		};
		EB4B1AD120B3C20000207701 /* Build configuration list for PBXNativeTarget "OOCalculator" */ = {
			isa = XCConfigurationList;
			buildConfigurations = (
				EB4B1AD220B3C20000207701 /* Debug */,
				EB4B1AD320B3C20000207701 /* Release */,
			);
			defaultConfigurationIsVisible = 0;
			defaultConfigurationName = Release;
		};
		EB4B1AD420B3C20000207701 /* Build configuration list for PBXNativeTarget "OOCalculatorTests" */ = {
			isa = XCConfigurationList;
			buildConfigurations = (
				EB4B1AD520B3C20000207701 /* Debug */,
				EB4B1AD620B3C20000207701 /* Release */,
			);
			defaultConfigurationIsVisible = 0;
			defaultConfigurationName = Release;
		};
		EB4B1AD720B3C20000207701 /* Build configuration list for PBXNativeTarget "OOCalculatorUITests" */ = {
			isa = XCConfigurationList;
			buildConfigurations = (
				EB4B1AD820B3C20000207701 /* Debug */,
				EB4B1AD920B3C20000207701 /* Release */,
			);
			defaultConfigurationIsVisible = 0;
			defaultConfigurationName = Release;
		};
/* End XCConfigurationList section */
	};
	rootObject = EB4B1A9D20B3C1FF00207701 /* Project object */;
}
